// !$*UTF8*$!
{
	archiveVersion = 1;
	classes = {
	};
	objectVersion = 56;
	objects = {

/* Begin PBXBuildFile section */
		B809668729F4FC840010CB10 /* DateFormatter+Extension.swift in Sources */ = {isa = PBXBuildFile; fileRef = B809668629F4FC840010CB10 /* DateFormatter+Extension.swift */; };
		B809668929F515650010CB10 /* ArticleCellViewModel.swift in Sources */ = {isa = PBXBuildFile; fileRef = B809668829F515650010CB10 /* ArticleCellViewModel.swift */; };
		B82ED4A429F53D0200BEF461 /* SDWebImage in Frameworks */ = {isa = PBXBuildFile; productRef = B82ED4A329F53D0200BEF461 /* SDWebImage */; };
		B82ED4A629F5407800BEF461 /* ArticlesRouter.swift in Sources */ = {isa = PBXBuildFile; fileRef = B82ED4A529F5407800BEF461 /* ArticlesRouter.swift */; };
		B8A49E3129F3CB16003E2C7F /* AppDelegate.swift in Sources */ = {isa = PBXBuildFile; fileRef = B8A49E3029F3CB16003E2C7F /* AppDelegate.swift */; };
		B8A49E3329F3CB16003E2C7F /* SceneDelegate.swift in Sources */ = {isa = PBXBuildFile; fileRef = B8A49E3229F3CB16003E2C7F /* SceneDelegate.swift */; };
		B8A49E3529F3CB16003E2C7F /* ArticlesViewController.swift in Sources */ = {isa = PBXBuildFile; fileRef = B8A49E3429F3CB16003E2C7F /* ArticlesViewController.swift */; };
		B8A49E3829F3CB16003E2C7F /* Main.storyboard in Resources */ = {isa = PBXBuildFile; fileRef = B8A49E3629F3CB16003E2C7F /* Main.storyboard */; };
		B8A49E3A29F3CB18003E2C7F /* Assets.xcassets in Resources */ = {isa = PBXBuildFile; fileRef = B8A49E3929F3CB18003E2C7F /* Assets.xcassets */; };
		B8A49E3D29F3CB18003E2C7F /* LaunchScreen.storyboard in Resources */ = {isa = PBXBuildFile; fileRef = B8A49E3B29F3CB18003E2C7F /* LaunchScreen.storyboard */; };
		B8A49E4829F3CB18003E2C7F /* NewsNowTests.swift in Sources */ = {isa = PBXBuildFile; fileRef = B8A49E4729F3CB18003E2C7F /* NewsNowTests.swift */; };
		B8A49E5229F3CB18003E2C7F /* NewsNowUITests.swift in Sources */ = {isa = PBXBuildFile; fileRef = B8A49E5129F3CB18003E2C7F /* NewsNowUITests.swift */; };
		B8A49E5429F3CB18003E2C7F /* NewsNowUITestsLaunchTests.swift in Sources */ = {isa = PBXBuildFile; fileRef = B8A49E5329F3CB18003E2C7F /* NewsNowUITestsLaunchTests.swift */; };
		B8A49E6229F3D0E6003E2C7F /* ArticleResponse.swift in Sources */ = {isa = PBXBuildFile; fileRef = B8A49E6129F3D0E6003E2C7F /* ArticleResponse.swift */; };
		B8A49E6529F40430003E2C7F /* ArticlesViewModel.swift in Sources */ = {isa = PBXBuildFile; fileRef = B8A49E6429F40430003E2C7F /* ArticlesViewModel.swift */; };
		B8A49E6729F404AC003E2C7F /* APIServiceProtocol.swift in Sources */ = {isa = PBXBuildFile; fileRef = B8A49E6629F404AC003E2C7F /* APIServiceProtocol.swift */; };
		B8A49E6929F4A0CE003E2C7F /* WebViewController.swift in Sources */ = {isa = PBXBuildFile; fileRef = B8A49E6829F4A0CE003E2C7F /* WebViewController.swift */; };
		B8A49E6B29F4A19B003E2C7F /* WebView.storyboard in Resources */ = {isa = PBXBuildFile; fileRef = B8A49E6A29F4A19B003E2C7F /* WebView.storyboard */; };
		B8A49E6F29F4B68E003E2C7F /* ArticleTableViewCell.swift in Sources */ = {isa = PBXBuildFile; fileRef = B8A49E6E29F4B68E003E2C7F /* ArticleTableViewCell.swift */; };
/* End PBXBuildFile section */

/* Begin PBXContainerItemProxy section */
		B8A49E4429F3CB18003E2C7F /* PBXContainerItemProxy */ = {
			isa = PBXContainerItemProxy;
			containerPortal = B8A49E2529F3CB16003E2C7F /* Project object */;
			proxyType = 1;
			remoteGlobalIDString = B8A49E2C29F3CB16003E2C7F;
			remoteInfo = NewsNow;
		};
		B8A49E4E29F3CB18003E2C7F /* PBXContainerItemProxy */ = {
			isa = PBXContainerItemProxy;
			containerPortal = B8A49E2529F3CB16003E2C7F /* Project object */;
			proxyType = 1;
			remoteGlobalIDString = B8A49E2C29F3CB16003E2C7F;
			remoteInfo = NewsNow;
		};
/* End PBXContainerItemProxy section */

/* Begin PBXFileReference section */
		B809668629F4FC840010CB10 /* DateFormatter+Extension.swift */ = {isa = PBXFileReference; lastKnownFileType = sourcecode.swift; path = "DateFormatter+Extension.swift"; sourceTree = "<group>"; };
		B809668829F515650010CB10 /* ArticleCellViewModel.swift */ = {isa = PBXFileReference; lastKnownFileType = sourcecode.swift; path = ArticleCellViewModel.swift; sourceTree = "<group>"; };
		B82ED4A529F5407800BEF461 /* ArticlesRouter.swift */ = {isa = PBXFileReference; lastKnownFileType = sourcecode.swift; path = ArticlesRouter.swift; sourceTree = "<group>"; };
		B8A49E2D29F3CB16003E2C7F /* NewsNow.app */ = {isa = PBXFileReference; explicitFileType = wrapper.application; includeInIndex = 0; path = NewsNow.app; sourceTree = BUILT_PRODUCTS_DIR; };
		B8A49E3029F3CB16003E2C7F /* AppDelegate.swift */ = {isa = PBXFileReference; lastKnownFileType = sourcecode.swift; path = AppDelegate.swift; sourceTree = "<group>"; };
		B8A49E3229F3CB16003E2C7F /* SceneDelegate.swift */ = {isa = PBXFileReference; lastKnownFileType = sourcecode.swift; path = SceneDelegate.swift; sourceTree = "<group>"; };
		B8A49E3429F3CB16003E2C7F /* ArticlesViewController.swift */ = {isa = PBXFileReference; lastKnownFileType = sourcecode.swift; path = ArticlesViewController.swift; sourceTree = "<group>"; };
		B8A49E3729F3CB16003E2C7F /* Base */ = {isa = PBXFileReference; lastKnownFileType = file.storyboard; name = Base; path = Base.lproj/Main.storyboard; sourceTree = "<group>"; };
		B8A49E3929F3CB18003E2C7F /* Assets.xcassets */ = {isa = PBXFileReference; lastKnownFileType = folder.assetcatalog; path = Assets.xcassets; sourceTree = "<group>"; };
		B8A49E3C29F3CB18003E2C7F /* Base */ = {isa = PBXFileReference; lastKnownFileType = file.storyboard; name = Base; path = Base.lproj/LaunchScreen.storyboard; sourceTree = "<group>"; };
		B8A49E3E29F3CB18003E2C7F /* Info.plist */ = {isa = PBXFileReference; lastKnownFileType = text.plist.xml; path = Info.plist; sourceTree = "<group>"; };
		B8A49E4329F3CB18003E2C7F /* NewsNowTests.xctest */ = {isa = PBXFileReference; explicitFileType = wrapper.cfbundle; includeInIndex = 0; path = NewsNowTests.xctest; sourceTree = BUILT_PRODUCTS_DIR; };
		B8A49E4729F3CB18003E2C7F /* NewsNowTests.swift */ = {isa = PBXFileReference; lastKnownFileType = sourcecode.swift; path = NewsNowTests.swift; sourceTree = "<group>"; };
		B8A49E4D29F3CB18003E2C7F /* NewsNowUITests.xctest */ = {isa = PBXFileReference; explicitFileType = wrapper.cfbundle; includeInIndex = 0; path = NewsNowUITests.xctest; sourceTree = BUILT_PRODUCTS_DIR; };
		B8A49E5129F3CB18003E2C7F /* NewsNowUITests.swift */ = {isa = PBXFileReference; lastKnownFileType = sourcecode.swift; path = NewsNowUITests.swift; sourceTree = "<group>"; };
		B8A49E5329F3CB18003E2C7F /* NewsNowUITestsLaunchTests.swift */ = {isa = PBXFileReference; lastKnownFileType = sourcecode.swift; path = NewsNowUITestsLaunchTests.swift; sourceTree = "<group>"; };
		B8A49E6129F3D0E6003E2C7F /* ArticleResponse.swift */ = {isa = PBXFileReference; lastKnownFileType = sourcecode.swift; path = ArticleResponse.swift; sourceTree = "<group>"; };
		B8A49E6429F40430003E2C7F /* ArticlesViewModel.swift */ = {isa = PBXFileReference; lastKnownFileType = sourcecode.swift; path = ArticlesViewModel.swift; sourceTree = "<group>"; };
		B8A49E6629F404AC003E2C7F /* APIServiceProtocol.swift */ = {isa = PBXFileReference; lastKnownFileType = sourcecode.swift; path = APIServiceProtocol.swift; sourceTree = "<group>"; };
		B8A49E6829F4A0CE003E2C7F /* WebViewController.swift */ = {isa = PBXFileReference; lastKnownFileType = sourcecode.swift; path = WebViewController.swift; sourceTree = "<group>"; };
		B8A49E6A29F4A19B003E2C7F /* WebView.storyboard */ = {isa = PBXFileReference; lastKnownFileType = file.storyboard; path = WebView.storyboard; sourceTree = "<group>"; };
		B8A49E6E29F4B68E003E2C7F /* ArticleTableViewCell.swift */ = {isa = PBXFileReference; lastKnownFileType = sourcecode.swift; path = ArticleTableViewCell.swift; sourceTree = "<group>"; };
/* End PBXFileReference section */

/* Begin PBXFrameworksBuildPhase section */
		B8A49E2A29F3CB16003E2C7F /* Frameworks */ = {
			isa = PBXFrameworksBuildPhase;
			buildActionMask = 2147483647;
			files = (
				B82ED4A429F53D0200BEF461 /* SDWebImage in Frameworks */,
			);
			runOnlyForDeploymentPostprocessing = 0;
		};
		B8A49E4029F3CB18003E2C7F /* Frameworks */ = {
			isa = PBXFrameworksBuildPhase;
			buildActionMask = 2147483647;
			files = (
			);
			runOnlyForDeploymentPostprocessing = 0;
		};
		B8A49E4A29F3CB18003E2C7F /* Frameworks */ = {
			isa = PBXFrameworksBuildPhase;
			buildActionMask = 2147483647;
			files = (
			);
			runOnlyForDeploymentPostprocessing = 0;
		};
/* End PBXFrameworksBuildPhase section */

/* Begin PBXGroup section */
		B82ED4A729F54B4B00BEF461 /* Core */ = {
			isa = PBXGroup;
			children = (
				B8A49E3B29F3CB18003E2C7F /* LaunchScreen.storyboard */,
				B8A49E3029F3CB16003E2C7F /* AppDelegate.swift */,
				B8A49E3229F3CB16003E2C7F /* SceneDelegate.swift */,
				B8A49E3929F3CB18003E2C7F /* Assets.xcassets */,
			);
			path = Core;
			sourceTree = "<group>";
		};
		B82ED4A829F54B9800BEF461 /* ArticleList */ = {
			isa = PBXGroup;
			children = (
				B8A49E3429F3CB16003E2C7F /* ArticlesViewController.swift */,
				B8A49E6429F40430003E2C7F /* ArticlesViewModel.swift */,
				B8A49E6829F4A0CE003E2C7F /* WebViewController.swift */,
			);
			path = ArticleList;
			sourceTree = "<group>";
		};
		B82ED4A929F54BE700BEF461 /* Utilities */ = {
			isa = PBXGroup;
			children = (
				B8A49E6629F404AC003E2C7F /* APIServiceProtocol.swift */,
				B809668629F4FC840010CB10 /* DateFormatter+Extension.swift */,
			);
			path = Utilities;
			sourceTree = "<group>";
		};
		B82ED4AA29F54E3500BEF461 /* ArticleCell */ = {
			isa = PBXGroup;
			children = (
				B8A49E6E29F4B68E003E2C7F /* ArticleTableViewCell.swift */,
				B809668829F515650010CB10 /* ArticleCellViewModel.swift */,
			);
			path = ArticleCell;
			sourceTree = "<group>";
		};
		B82ED4AB29F5524D00BEF461 /* Router */ = {
			isa = PBXGroup;
			children = (
				B82ED4A529F5407800BEF461 /* ArticlesRouter.swift */,
			);
			path = Router;
			sourceTree = "<group>";
		};
		B8A49E2429F3CB16003E2C7F = {
			isa = PBXGroup;
			children = (
				B8A49E2F29F3CB16003E2C7F /* NewsNow */,
				B8A49E4629F3CB18003E2C7F /* NewsNowTests */,
				B8A49E5029F3CB18003E2C7F /* NewsNowUITests */,
				B8A49E2E29F3CB16003E2C7F /* Products */,
			);
			sourceTree = "<group>";
		};
		B8A49E2E29F3CB16003E2C7F /* Products */ = {
			isa = PBXGroup;
			children = (
				B8A49E2D29F3CB16003E2C7F /* NewsNow.app */,
				B8A49E4329F3CB18003E2C7F /* NewsNowTests.xctest */,
				B8A49E4D29F3CB18003E2C7F /* NewsNowUITests.xctest */,
			);
			name = Products;
			sourceTree = "<group>";
		};
		B8A49E2F29F3CB16003E2C7F /* NewsNow */ = {
			isa = PBXGroup;
			children = (
				B82ED4AB29F5524D00BEF461 /* Router */,
				B82ED4A729F54B4B00BEF461 /* Core */,
				B82ED4A929F54BE700BEF461 /* Utilities */,
				B8A49E6A29F4A19B003E2C7F /* WebView.storyboard */,
				B8A49E3629F3CB16003E2C7F /* Main.storyboard */,
				B8A49E6329F3D763003E2C7F /* Module */,
				B8A49E6029F3D006003E2C7F /* Model */,
				B8A49E3E29F3CB18003E2C7F /* Info.plist */,
			);
			path = NewsNow;
			sourceTree = "<group>";
		};
		B8A49E4629F3CB18003E2C7F /* NewsNowTests */ = {
			isa = PBXGroup;
			children = (
				B8A49E4729F3CB18003E2C7F /* NewsNowTests.swift */,
			);
			path = NewsNowTests;
			sourceTree = "<group>";
		};
		B8A49E5029F3CB18003E2C7F /* NewsNowUITests */ = {
			isa = PBXGroup;
			children = (
				B8A49E5129F3CB18003E2C7F /* NewsNowUITests.swift */,
				B8A49E5329F3CB18003E2C7F /* NewsNowUITestsLaunchTests.swift */,
			);
			path = NewsNowUITests;
			sourceTree = "<group>";
		};
		B8A49E6029F3D006003E2C7F /* Model */ = {
			isa = PBXGroup;
			children = (
				B8A49E6129F3D0E6003E2C7F /* ArticleResponse.swift */,
			);
			path = Model;
			sourceTree = "<group>";
		};
		B8A49E6329F3D763003E2C7F /* Module */ = {
			isa = PBXGroup;
			children = (
				B82ED4AA29F54E3500BEF461 /* ArticleCell */,
				B82ED4A829F54B9800BEF461 /* ArticleList */,
			);
			path = Module;
			sourceTree = "<group>";
		};
/* End PBXGroup section */

/* Begin PBXNativeTarget section */
		B8A49E2C29F3CB16003E2C7F /* NewsNow */ = {
			isa = PBXNativeTarget;
			buildConfigurationList = B8A49E5729F3CB18003E2C7F /* Build configuration list for PBXNativeTarget "NewsNow" */;
			buildPhases = (
				B8A49E2929F3CB16003E2C7F /* Sources */,
				B8A49E2A29F3CB16003E2C7F /* Frameworks */,
				B8A49E2B29F3CB16003E2C7F /* Resources */,
			);
			buildRules = (
			);
			dependencies = (
			);
			name = NewsNow;
			packageProductDependencies = (
				B82ED4A329F53D0200BEF461 /* SDWebImage */,
			);
			productName = NewsNow;
			productReference = B8A49E2D29F3CB16003E2C7F /* NewsNow.app */;
			productType = "com.apple.product-type.application";
		};
		B8A49E4229F3CB18003E2C7F /* NewsNowTests */ = {
			isa = PBXNativeTarget;
			buildConfigurationList = B8A49E5A29F3CB18003E2C7F /* Build configuration list for PBXNativeTarget "NewsNowTests" */;
			buildPhases = (
				B8A49E3F29F3CB18003E2C7F /* Sources */,
				B8A49E4029F3CB18003E2C7F /* Frameworks */,
				B8A49E4129F3CB18003E2C7F /* Resources */,
			);
			buildRules = (
			);
			dependencies = (
				B8A49E4529F3CB18003E2C7F /* PBXTargetDependency */,
			);
			name = NewsNowTests;
			productName = NewsNowTests;
			productReference = B8A49E4329F3CB18003E2C7F /* NewsNowTests.xctest */;
			productType = "com.apple.product-type.bundle.unit-test";
		};
		B8A49E4C29F3CB18003E2C7F /* NewsNowUITests */ = {
			isa = PBXNativeTarget;
			buildConfigurationList = B8A49E5D29F3CB18003E2C7F /* Build configuration list for PBXNativeTarget "NewsNowUITests" */;
			buildPhases = (
				B8A49E4929F3CB18003E2C7F /* Sources */,
				B8A49E4A29F3CB18003E2C7F /* Frameworks */,
				B8A49E4B29F3CB18003E2C7F /* Resources */,
			);
			buildRules = (
			);
			dependencies = (
				B8A49E4F29F3CB18003E2C7F /* PBXTargetDependency */,
			);
			name = NewsNowUITests;
			productName = NewsNowUITests;
			productReference = B8A49E4D29F3CB18003E2C7F /* NewsNowUITests.xctest */;
			productType = "com.apple.product-type.bundle.ui-testing";
		};
/* End PBXNativeTarget section */

/* Begin PBXProject section */
		B8A49E2529F3CB16003E2C7F /* Project object */ = {
			isa = PBXProject;
			attributes = {
				BuildIndependentTargetsInParallel = 1;
				LastSwiftUpdateCheck = 1430;
				LastUpgradeCheck = 1430;
				TargetAttributes = {
					B8A49E2C29F3CB16003E2C7F = {
						CreatedOnToolsVersion = 14.3;
					};
					B8A49E4229F3CB18003E2C7F = {
						CreatedOnToolsVersion = 14.3;
						TestTargetID = B8A49E2C29F3CB16003E2C7F;
					};
					B8A49E4C29F3CB18003E2C7F = {
						CreatedOnToolsVersion = 14.3;
						TestTargetID = B8A49E2C29F3CB16003E2C7F;
					};
				};
			};
			buildConfigurationList = B8A49E2829F3CB16003E2C7F /* Build configuration list for PBXProject "NewsNow" */;
			compatibilityVersion = "Xcode 14.0";
			developmentRegion = en;
			hasScannedForEncodings = 0;
			knownRegions = (
				en,
				Base,
			);
			mainGroup = B8A49E2429F3CB16003E2C7F;
			packageReferences = (
				B82ED4A229F53D0200BEF461 /* XCRemoteSwiftPackageReference "SDWebImage" */,
			);
			productRefGroup = B8A49E2E29F3CB16003E2C7F /* Products */;
			projectDirPath = "";
			projectRoot = "";
			targets = (
				B8A49E2C29F3CB16003E2C7F /* NewsNow */,
				B8A49E4229F3CB18003E2C7F /* NewsNowTests */,
				B8A49E4C29F3CB18003E2C7F /* NewsNowUITests */,
			);
		};
/* End PBXProject section */

/* Begin PBXResourcesBuildPhase section */
		B8A49E2B29F3CB16003E2C7F /* Resources */ = {
			isa = PBXResourcesBuildPhase;
			buildActionMask = 2147483647;
			files = (
				B8A49E3D29F3CB18003E2C7F /* LaunchScreen.storyboard in Resources */,
				B8A49E3A29F3CB18003E2C7F /* Assets.xcassets in Resources */,
				B8A49E6B29F4A19B003E2C7F /* WebView.storyboard in Resources */,
				B8A49E3829F3CB16003E2C7F /* Main.storyboard in Resources */,
			);
			runOnlyForDeploymentPostprocessing = 0;
		};
		B8A49E4129F3CB18003E2C7F /* Resources */ = {
			isa = PBXResourcesBuildPhase;
			buildActionMask = 2147483647;
			files = (
			);
			runOnlyForDeploymentPostprocessing = 0;
		};
		B8A49E4B29F3CB18003E2C7F /* Resources */ = {
			isa = PBXResourcesBuildPhase;
			buildActionMask = 2147483647;
			files = (
			);
			runOnlyForDeploymentPostprocessing = 0;
		};
/* End PBXResourcesBuildPhase section */

/* Begin PBXSourcesBuildPhase section */
		B8A49E2929F3CB16003E2C7F /* Sources */ = {
			isa = PBXSourcesBuildPhase;
			buildActionMask = 2147483647;
			files = (
				B8A49E6729F404AC003E2C7F /* APIServiceProtocol.swift in Sources */,
				B8A49E6229F3D0E6003E2C7F /* ArticleResponse.swift in Sources */,
				B8A49E3529F3CB16003E2C7F /* ArticlesViewController.swift in Sources */,
				B82ED4A629F5407800BEF461 /* ArticlesRouter.swift in Sources */,
				B8A49E3129F3CB16003E2C7F /* AppDelegate.swift in Sources */,
				B8A49E6929F4A0CE003E2C7F /* WebViewController.swift in Sources */,
				B809668729F4FC840010CB10 /* DateFormatter+Extension.swift in Sources */,
				B8A49E6F29F4B68E003E2C7F /* ArticleTableViewCell.swift in Sources */,
				B809668929F515650010CB10 /* ArticleCellViewModel.swift in Sources */,
				B8A49E6529F40430003E2C7F /* ArticlesViewModel.swift in Sources */,
				B8A49E3329F3CB16003E2C7F /* SceneDelegate.swift in Sources */,
			);
			runOnlyForDeploymentPostprocessing = 0;
		};
		B8A49E3F29F3CB18003E2C7F /* Sources */ = {
			isa = PBXSourcesBuildPhase;
			buildActionMask = 2147483647;
			files = (
				B8A49E4829F3CB18003E2C7F /* NewsNowTests.swift in Sources */,
			);
			runOnlyForDeploymentPostprocessing = 0;
		};
		B8A49E4929F3CB18003E2C7F /* Sources */ = {
			isa = PBXSourcesBuildPhase;
			buildActionMask = 2147483647;
			files = (
				B8A49E5429F3CB18003E2C7F /* NewsNowUITestsLaunchTests.swift in Sources */,
				B8A49E5229F3CB18003E2C7F /* NewsNowUITests.swift in Sources */,
			);
			runOnlyForDeploymentPostprocessing = 0;
		};
/* End PBXSourcesBuildPhase section */

/* Begin PBXTargetDependency section */
		B8A49E4529F3CB18003E2C7F /* PBXTargetDependency */ = {
			isa = PBXTargetDependency;
			target = B8A49E2C29F3CB16003E2C7F /* NewsNow */;
			targetProxy = B8A49E4429F3CB18003E2C7F /* PBXContainerItemProxy */;
		};
		B8A49E4F29F3CB18003E2C7F /* PBXTargetDependency */ = {
			isa = PBXTargetDependency;
			target = B8A49E2C29F3CB16003E2C7F /* NewsNow */;
			targetProxy = B8A49E4E29F3CB18003E2C7F /* PBXContainerItemProxy */;
		};
/* End PBXTargetDependency section */

/* Begin PBXVariantGroup section */
		B8A49E3629F3CB16003E2C7F /* Main.storyboard */ = {
			isa = PBXVariantGroup;
			children = (
				B8A49E3729F3CB16003E2C7F /* Base */,
			);
			name = Main.storyboard;
			sourceTree = "<group>";
		};
		B8A49E3B29F3CB18003E2C7F /* LaunchScreen.storyboard */ = {
			isa = PBXVariantGroup;
			children = (
				B8A49E3C29F3CB18003E2C7F /* Base */,
			);
			name = LaunchScreen.storyboard;
			sourceTree = "<group>";
		};
/* End PBXVariantGroup section */

/* Begin XCBuildConfiguration section */
		B8A49E5529F3CB18003E2C7F /* Debug */ = {
			isa = XCBuildConfiguration;
			buildSettings = {
				ALWAYS_SEARCH_USER_PATHS = NO;
				CLANG_ANALYZER_NONNULL = YES;
				CLANG_ANALYZER_NUMBER_OBJECT_CONVERSION = YES_AGGRESSIVE;
				CLANG_CXX_LANGUAGE_STANDARD = "gnu++20";
				CLANG_ENABLE_MODULES = YES;
				CLANG_ENABLE_OBJC_ARC = YES;
				CLANG_ENABLE_OBJC_WEAK = YES;
				CLANG_WARN_BLOCK_CAPTURE_AUTORELEASING = YES;
				CLANG_WARN_BOOL_CONVERSION = YES;
				CLANG_WARN_COMMA = YES;
				CLANG_WARN_CONSTANT_CONVERSION = YES;
				CLANG_WARN_DEPRECATED_OBJC_IMPLEMENTATIONS = YES;
				CLANG_WARN_DIRECT_OBJC_ISA_USAGE = YES_ERROR;
				CLANG_WARN_DOCUMENTATION_COMMENTS = YES;
				CLANG_WARN_EMPTY_BODY = YES;
				CLANG_WARN_ENUM_CONVERSION = YES;
				CLANG_WARN_INFINITE_RECURSION = YES;
				CLANG_WARN_INT_CONVERSION = YES;
				CLANG_WARN_NON_LITERAL_NULL_CONVERSION = YES;
				CLANG_WARN_OBJC_IMPLICIT_RETAIN_SELF = YES;
				CLANG_WARN_OBJC_LITERAL_CONVERSION = YES;
				CLANG_WARN_OBJC_ROOT_CLASS = YES_ERROR;
				CLANG_WARN_QUOTED_INCLUDE_IN_FRAMEWORK_HEADER = YES;
				CLANG_WARN_RANGE_LOOP_ANALYSIS = YES;
				CLANG_WARN_STRICT_PROTOTYPES = YES;
				CLANG_WARN_SUSPICIOUS_MOVE = YES;
				CLANG_WARN_UNGUARDED_AVAILABILITY = YES_AGGRESSIVE;
				CLANG_WARN_UNREACHABLE_CODE = YES;
				CLANG_WARN__DUPLICATE_METHOD_MATCH = YES;
				COPY_PHASE_STRIP = NO;
				DEBUG_INFORMATION_FORMAT = dwarf;
				ENABLE_STRICT_OBJC_MSGSEND = YES;
				ENABLE_TESTABILITY = YES;
				GCC_C_LANGUAGE_STANDARD = gnu11;
				GCC_DYNAMIC_NO_PIC = NO;
				GCC_NO_COMMON_BLOCKS = YES;
				GCC_OPTIMIZATION_LEVEL = 0;
				GCC_PREPROCESSOR_DEFINITIONS = (
					"DEBUG=1",
					"$(inherited)",
				);
				GCC_WARN_64_TO_32_BIT_CONVERSION = YES;
				GCC_WARN_ABOUT_RETURN_TYPE = YES_ERROR;
				GCC_WARN_UNDECLARED_SELECTOR = YES;
				GCC_WARN_UNINITIALIZED_AUTOS = YES_AGGRESSIVE;
				GCC_WARN_UNUSED_FUNCTION = YES;
				GCC_WARN_UNUSED_VARIABLE = YES;
				IPHONEOS_DEPLOYMENT_TARGET = 16.4;
				MTL_ENABLE_DEBUG_INFO = INCLUDE_SOURCE;
				MTL_FAST_MATH = YES;
				ONLY_ACTIVE_ARCH = YES;
				SDKROOT = iphoneos;
				SWIFT_ACTIVE_COMPILATION_CONDITIONS = DEBUG;
				SWIFT_OPTIMIZATION_LEVEL = "-Onone";
			};
			name = Debug;
		};
		B8A49E5629F3CB18003E2C7F /* Release */ = {
			isa = XCBuildConfiguration;
			buildSettings = {
				ALWAYS_SEARCH_USER_PATHS = NO;
				CLANG_ANALYZER_NONNULL = YES;
				CLANG_ANALYZER_NUMBER_OBJECT_CONVERSION = YES_AGGRESSIVE;
				CLANG_CXX_LANGUAGE_STANDARD = "gnu++20";
				CLANG_ENABLE_MODULES = YES;
				CLANG_ENABLE_OBJC_ARC = YES;
				CLANG_ENABLE_OBJC_WEAK = YES;
				CLANG_WARN_BLOCK_CAPTURE_AUTORELEASING = YES;
				CLANG_WARN_BOOL_CONVERSION = YES;
				CLANG_WARN_COMMA = YES;
				CLANG_WARN_CONSTANT_CONVERSION = YES;
				CLANG_WARN_DEPRECATED_OBJC_IMPLEMENTATIONS = YES;
				CLANG_WARN_DIRECT_OBJC_ISA_USAGE = YES_ERROR;
				CLANG_WARN_DOCUMENTATION_COMMENTS = YES;
				CLANG_WARN_EMPTY_BODY = YES;
				CLANG_WARN_ENUM_CONVERSION = YES;
				CLANG_WARN_INFINITE_RECURSION = YES;
				CLANG_WARN_INT_CONVERSION = YES;
				CLANG_WARN_NON_LITERAL_NULL_CONVERSION = YES;
				CLANG_WARN_OBJC_IMPLICIT_RETAIN_SELF = YES;
				CLANG_WARN_OBJC_LITERAL_CONVERSION = YES;
				CLANG_WARN_OBJC_ROOT_CLASS = YES_ERROR;
				CLANG_WARN_QUOTED_INCLUDE_IN_FRAMEWORK_HEADER = YES;
				CLANG_WARN_RANGE_LOOP_ANALYSIS = YES;
				CLANG_WARN_STRICT_PROTOTYPES = YES;
				CLANG_WARN_SUSPICIOUS_MOVE = YES;
				CLANG_WARN_UNGUARDED_AVAILABILITY = YES_AGGRESSIVE;
				CLANG_WARN_UNREACHABLE_CODE = YES;
				CLANG_WARN__DUPLICATE_METHOD_MATCH = YES;
				COPY_PHASE_STRIP = NO;
				DEBUG_INFORMATION_FORMAT = "dwarf-with-dsym";
				ENABLE_NS_ASSERTIONS = NO;
				ENABLE_STRICT_OBJC_MSGSEND = YES;
				GCC_C_LANGUAGE_STANDARD = gnu11;
				GCC_NO_COMMON_BLOCKS = YES;
				GCC_WARN_64_TO_32_BIT_CONVERSION = YES;
				GCC_WARN_ABOUT_RETURN_TYPE = YES_ERROR;
				GCC_WARN_UNDECLARED_SELECTOR = YES;
				GCC_WARN_UNINITIALIZED_AUTOS = YES_AGGRESSIVE;
				GCC_WARN_UNUSED_FUNCTION = YES;
				GCC_WARN_UNUSED_VARIABLE = YES;
				IPHONEOS_DEPLOYMENT_TARGET = 16.4;
				MTL_ENABLE_DEBUG_INFO = NO;
				MTL_FAST_MATH = YES;
				SDKROOT = iphoneos;
				SWIFT_COMPILATION_MODE = wholemodule;
				SWIFT_OPTIMIZATION_LEVEL = "-O";
				VALIDATE_PRODUCT = YES;
			};
			name = Release;
		};
		B8A49E5829F3CB18003E2C7F /* Debug */ = {
			isa = XCBuildConfiguration;
			buildSettings = {
				ASSETCATALOG_COMPILER_APPICON_NAME = AppIcon;
				ASSETCATALOG_COMPILER_GLOBAL_ACCENT_COLOR_NAME = AccentColor;
				CODE_SIGN_STYLE = Automatic;
				CURRENT_PROJECT_VERSION = 1;
				DEVELOPMENT_TEAM = 2H5VJFNG9S;
				GENERATE_INFOPLIST_FILE = YES;
				INFOPLIST_FILE = NewsNow/Info.plist;
				INFOPLIST_KEY_UIApplicationSupportsIndirectInputEvents = YES;
				INFOPLIST_KEY_UILaunchStoryboardName = LaunchScreen;
				INFOPLIST_KEY_UIMainStoryboardFile = Main;
				INFOPLIST_KEY_UISupportedInterfaceOrientations_iPad = "UIInterfaceOrientationPortrait UIInterfaceOrientationPortraitUpsideDown UIInterfaceOrientationLandscapeLeft UIInterfaceOrientationLandscapeRight";
				INFOPLIST_KEY_UISupportedInterfaceOrientations_iPhone = "UIInterfaceOrientationPortrait UIInterfaceOrientationLandscapeLeft UIInterfaceOrientationLandscapeRight";
				LD_RUNPATH_SEARCH_PATHS = (
					"$(inherited)",
					"@executable_path/Frameworks",
				);
				MARKETING_VERSION = 1.0;
				PRODUCT_BUNDLE_IDENTIFIER = Debashree.NewsNow;
				PRODUCT_NAME = "$(TARGET_NAME)";
				SWIFT_EMIT_LOC_STRINGS = YES;
				SWIFT_VERSION = 5.0;
				TARGETED_DEVICE_FAMILY = "1,2";
			};
			name = Debug;
		};
		B8A49E5929F3CB18003E2C7F /* Release */ = {
			isa = XCBuildConfiguration;
			buildSettings = {
				ASSETCATALOG_COMPILER_APPICON_NAME = AppIcon;
				ASSETCATALOG_COMPILER_GLOBAL_ACCENT_COLOR_NAME = AccentColor;
				CODE_SIGN_STYLE = Automatic;
				CURRENT_PROJECT_VERSION = 1;
				DEVELOPMENT_TEAM = 2H5VJFNG9S;
				GENERATE_INFOPLIST_FILE = YES;
				INFOPLIST_FILE = NewsNow/Info.plist;
				INFOPLIST_KEY_UIApplicationSupportsIndirectInputEvents = YES;
				INFOPLIST_KEY_UILaunchStoryboardName = LaunchScreen;
				INFOPLIST_KEY_UIMainStoryboardFile = Main;
				INFOPLIST_KEY_UISupportedInterfaceOrientations_iPad = "UIInterfaceOrientationPortrait UIInterfaceOrientationPortraitUpsideDown UIInterfaceOrientationLandscapeLeft UIInterfaceOrientationLandscapeRight";
				INFOPLIST_KEY_UISupportedInterfaceOrientations_iPhone = "UIInterfaceOrientationPortrait UIInterfaceOrientationLandscapeLeft UIInterfaceOrientationLandscapeRight";
				LD_RUNPATH_SEARCH_PATHS = (
					"$(inherited)",
					"@executable_path/Frameworks",
				);
				MARKETING_VERSION = 1.0;
				PRODUCT_BUNDLE_IDENTIFIER = Debashree.NewsNow;
				PRODUCT_NAME = "$(TARGET_NAME)";
				SWIFT_EMIT_LOC_STRINGS = YES;
				SWIFT_VERSION = 5.0;
				TARGETED_DEVICE_FAMILY = "1,2";
			};
			name = Release;
		};
		B8A49E5B29F3CB18003E2C7F /* Debug */ = {
			isa = XCBuildConfiguration;
			buildSettings = {
				ALWAYS_EMBED_SWIFT_STANDARD_LIBRARIES = YES;
				BUNDLE_LOADER = "$(TEST_HOST)";
				CODE_SIGN_STYLE = Automatic;
				CURRENT_PROJECT_VERSION = 1;
				DEVELOPMENT_TEAM = 2H5VJFNG9S;
				GENERATE_INFOPLIST_FILE = YES;
				IPHONEOS_DEPLOYMENT_TARGET = 16.4;
				MARKETING_VERSION = 1.0;
				PRODUCT_BUNDLE_IDENTIFIER = Debashree.NewsNowTests;
				PRODUCT_NAME = "$(TARGET_NAME)";
				SWIFT_EMIT_LOC_STRINGS = NO;
				SWIFT_VERSION = 5.0;
				TARGETED_DEVICE_FAMILY = "1,2";
				TEST_HOST = "$(BUILT_PRODUCTS_DIR)/NewsNow.app/$(BUNDLE_EXECUTABLE_FOLDER_PATH)/NewsNow";
			};
			name = Debug;
		};
		B8A49E5C29F3CB18003E2C7F /* Release */ = {
			isa = XCBuildConfiguration;
			buildSettings = {
				ALWAYS_EMBED_SWIFT_STANDARD_LIBRARIES = YES;
				BUNDLE_LOADER = "$(TEST_HOST)";
				CODE_SIGN_STYLE = Automatic;
				CURRENT_PROJECT_VERSION = 1;
				DEVELOPMENT_TEAM = 2H5VJFNG9S;
				GENERATE_INFOPLIST_FILE = YES;
				IPHONEOS_DEPLOYMENT_TARGET = 16.4;
				MARKETING_VERSION = 1.0;
				PRODUCT_BUNDLE_IDENTIFIER = Debashree.NewsNowTests;
				PRODUCT_NAME = "$(TARGET_NAME)";
				SWIFT_EMIT_LOC_STRINGS = NO;
				SWIFT_VERSION = 5.0;
				TARGETED_DEVICE_FAMILY = "1,2";
				TEST_HOST = "$(BUILT_PRODUCTS_DIR)/NewsNow.app/$(BUNDLE_EXECUTABLE_FOLDER_PATH)/NewsNow";
			};
			name = Release;
		};
		B8A49E5E29F3CB18003E2C7F /* Debug */ = {
			isa = XCBuildConfiguration;
			buildSettings = {
				ALWAYS_EMBED_SWIFT_STANDARD_LIBRARIES = YES;
				CODE_SIGN_STYLE = Automatic;
				CURRENT_PROJECT_VERSION = 1;
				DEVELOPMENT_TEAM = 2H5VJFNG9S;
				GENERATE_INFOPLIST_FILE = YES;
				MARKETING_VERSION = 1.0;
				PRODUCT_BUNDLE_IDENTIFIER = Debashree.NewsNowUITests;
				PRODUCT_NAME = "$(TARGET_NAME)";
				SWIFT_EMIT_LOC_STRINGS = NO;
				SWIFT_VERSION = 5.0;
				TARGETED_DEVICE_FAMILY = "1,2";
				TEST_TARGET_NAME = NewsNow;
			};
			name = Debug;
		};
		B8A49E5F29F3CB18003E2C7F /* Release */ = {
			isa = XCBuildConfiguration;
			buildSettings = {
				ALWAYS_EMBED_SWIFT_STANDARD_LIBRARIES = YES;
				CODE_SIGN_STYLE = Automatic;
				CURRENT_PROJECT_VERSION = 1;
				DEVELOPMENT_TEAM = 2H5VJFNG9S;
				GENERATE_INFOPLIST_FILE = YES;
				MARKETING_VERSION = 1.0;
				PRODUCT_BUNDLE_IDENTIFIER = Debashree.NewsNowUITests;
				PRODUCT_NAME = "$(TARGET_NAME)";
				SWIFT_EMIT_LOC_STRINGS = NO;
				SWIFT_VERSION = 5.0;
				TARGETED_DEVICE_FAMILY = "1,2";
				TEST_TARGET_NAME = NewsNow;
			};
			name = Release;
		};
/* End XCBuildConfiguration section */

/* Begin XCConfigurationList section */
		B8A49E2829F3CB16003E2C7F /* Build configuration list for PBXProject "NewsNow" */ = {
			isa = XCConfigurationList;
			buildConfigurations = (
				B8A49E5529F3CB18003E2C7F /* Debug */,
				B8A49E5629F3CB18003E2C7F /* Release */,
			);
			defaultConfigurationIsVisible = 0;
			defaultConfigurationName = Release;
		};
		B8A49E5729F3CB18003E2C7F /* Build configuration list for PBXNativeTarget "NewsNow" */ = {
			isa = XCConfigurationList;
			buildConfigurations = (
				B8A49E5829F3CB18003E2C7F /* Debug */,
				B8A49E5929F3CB18003E2C7F /* Release */,
			);
			defaultConfigurationIsVisible = 0;
			defaultConfigurationName = Release;
		};
		B8A49E5A29F3CB18003E2C7F /* Build configuration list for PBXNativeTarget "NewsNowTests" */ = {
			isa = XCConfigurationList;
			buildConfigurations = (
				B8A49E5B29F3CB18003E2C7F /* Debug */,
				B8A49E5C29F3CB18003E2C7F /* Release */,
			);
			defaultConfigurationIsVisible = 0;
			defaultConfigurationName = Release;
		};
		B8A49E5D29F3CB18003E2C7F /* Build configuration list for PBXNativeTarget "NewsNowUITests" */ = {
			isa = XCConfigurationList;
			buildConfigurations = (
				B8A49E5E29F3CB18003E2C7F /* Debug */,
				B8A49E5F29F3CB18003E2C7F /* Release */,
			);
			defaultConfigurationIsVisible = 0;
			defaultConfigurationName = Release;
		};
/* End XCConfigurationList section */

/* Begin XCRemoteSwiftPackageReference section */
		B82ED4A229F53D0200BEF461 /* XCRemoteSwiftPackageReference "SDWebImage" */ = {
			isa = XCRemoteSwiftPackageReference;
			repositoryURL = "https://github.com/SDWebImage/SDWebImage";
			requirement = {
				kind = upToNextMajorVersion;
				minimumVersion = 5.0.0;
			};
		};
/* End XCRemoteSwiftPackageReference section */

/* Begin XCSwiftPackageProductDependency section */
		B82ED4A329F53D0200BEF461 /* SDWebImage */ = {
			isa = XCSwiftPackageProductDependency;
			package = B82ED4A229F53D0200BEF461 /* XCRemoteSwiftPackageReference "SDWebImage" */;
			productName = SDWebImage;
		};
/* End XCSwiftPackageProductDependency section */
	};
	rootObject = B8A49E2529F3CB16003E2C7F /* Project object */;
}
